{
  "name": "SMUEE",
  "lockfileVersion": 2,
  "requires": true,
  "packages": {
    "": {
      "dependencies": {
        "virtual-select-plugin": "^1.0.31"
      }
    },
    "node_modules/tooltip-plugin": {
      "version": "1.0.16",
      "resolved": "https://registry.npmjs.org/tooltip-plugin/-/tooltip-plugin-1.0.16.tgz",
      "integrity": "sha512-bZTFoMw2UM9dX9R6hZIme2vrMLvctdmqGDhzalXGrlxKGzRGTTSnpN6MAGvFf2aXOYfuRwQAhhoTLaleEnI4PQ=="
    },
    "node_modules/virtual-select-plugin": {
      "version": "1.0.31",
      "resolved": "https://registry.npmjs.org/virtual-select-plugin/-/virtual-select-plugin-1.0.31.tgz",
      "integrity": "sha512-x0EL+7qMO/UUFDGkLzY05Wi8wzC65jLIG7exWBOhRLpTyn+tm7sTGjbeWJC64CdAtHthEfgI7OH97FIyPKW/TA==",
      "dependencies": {
        "tooltip-plugin": "^1.0.16"
      }
    }
  },
  "dependencies": {
    "tooltip-plugin": {
      "version": "1.0.16",
      "resolved": "https://registry.npmjs.org/tooltip-plugin/-/tooltip-plugin-1.0.16.tgz",
      "integrity": "sha512-bZTFoMw2UM9dX9R6hZIme2vrMLvctdmqGDhzalXGrlxKGzRGTTSnpN6MAGvFf2aXOYfuRwQAhhoTLaleEnI4PQ=="
    },
    "virtual-select-plugin": {
      "version": "1.0.31",
      "resolved": "https://registry.npmjs.org/virtual-select-plugin/-/virtual-select-plugin-1.0.31.tgz",
      "integrity": "sha512-x0EL+7qMO/UUFDGkLzY05Wi8wzC65jLIG7exWBOhRLpTyn+tm7sTGjbeWJC64CdAtHthEfgI7OH97FIyPKW/TA==",
      "requires": {
        "tooltip-plugin": "^1.0.16"
      }
    }
  }
}
